
Microsoft Visual Studio Solution File, Format Version 12.00
# Visual Studio Version 17
VisualStudioVersion = 17.8.34309.116
MinimumVisualStudioVersion = 10.0.40219.1
Project("{FAE04EC0-301F-11D3-BF4B-00C04F79EFBC}") = "GlikoLog.PL", "GlikoLog\GlikoLog.PL.csproj", "{56B2BCA9-D182-4D16-A368-79E972C85BB5}"
EndProject
Project("{FAE04EC0-301F-11D3-BF4B-00C04F79EFBC}") = "GlikoLog.DAL", "GlikoLog.DAL\GlikoLog.DAL.csproj", "{DC599524-3E48-4AD7-AB49-15F672AD2B2B}"
EndProject
Project("{FAE04EC0-301F-11D3-BF4B-00C04F79EFBC}") = "GlikoLog.BL", "GlikoLog.BL\GlikoLog.BL.csproj", "{34C8C6EA-5B24-4FD0-9EE5-78D802443F58}"
EndProject
Global
	GlobalSection(SolutionConfigurationPlatforms) = preSolution
		Debug|Any CPU = Debug|Any CPU
		Release|Any CPU = Release|Any CPU
	EndGlobalSection
	GlobalSection(ProjectConfigurationPlatforms) = postSolution
		{56B2BCA9-D182-4D16-A368-79E972C85BB5}.Debug|Any CPU.ActiveCfg = Debug|Any CPU
		{56B2BCA9-D182-4D16-A368-79E972C85BB5}.Debug|Any CPU.Build.0 = Debug|Any CPU
		{56B2BCA9-D182-4D16-A368-79E972C85BB5}.Release|Any CPU.ActiveCfg = Release|Any CPU
		{56B2BCA9-D182-4D16-A368-79E972C85BB5}.Release|Any CPU.Build.0 = Release|Any CPU
		{DC599524-3E48-4AD7-AB49-15F672AD2B2B}.Debug|Any CPU.ActiveCfg = Debug|Any CPU
		{DC599524-3E48-4AD7-AB49-15F672AD2B2B}.Debug|Any CPU.Build.0 = Debug|Any CPU
		{DC599524-3E48-4AD7-AB49-15F672AD2B2B}.Release|Any CPU.ActiveCfg = Release|Any CPU
		{DC599524-3E48-4AD7-AB49-15F672AD2B2B}.Release|Any CPU.Build.0 = Release|Any CPU
		{34C8C6EA-5B24-4FD0-9EE5-78D802443F58}.Debug|Any CPU.ActiveCfg = Debug|Any CPU
		{34C8C6EA-5B24-4FD0-9EE5-78D802443F58}.Debug|Any CPU.Build.0 = Debug|Any CPU
		{34C8C6EA-5B24-4FD0-9EE5-78D802443F58}.Release|Any CPU.ActiveCfg = Release|Any CPU
		{34C8C6EA-5B24-4FD0-9EE5-78D802443F58}.Release|Any CPU.Build.0 = Release|Any CPU
	EndGlobalSection
	GlobalSection(SolutionProperties) = preSolution
		HideSolutionNode = FALSE
	EndGlobalSection
	GlobalSection(ExtensibilityGlobals) = postSolution
		SolutionGuid = {8FA04D80-D008-444D-96BF-96AB4AD79264}
	EndGlobalSection
EndGlobal
